
Microsoft Visual Studio Solution File, Format Version 12.00
# Visual Studio Version 17
VisualStudioVersion = 17.4.33110.190
MinimumVisualStudioVersion = 10.0.40219.1
Project("{FAE04EC0-301F-11D3-BF4B-00C04F79EFBC}") = "3", "3\3.csproj", "{DF1CF127-1743-43AA-854D-BBA0BD71A997}"
EndProject
Global
	GlobalSection(SolutionConfigurationPlatforms) = preSolution
		Debug|Any CPU = Debug|Any CPU
		Release|Any CPU = Release|Any CPU
	EndGlobalSection
	GlobalSection(ProjectConfigurationPlatforms) = postSolution
		{DF1CF127-1743-43AA-854D-BBA0BD71A997}.Debug|Any CPU.ActiveCfg = Debug|Any CPU
		{DF1CF127-1743-43AA-854D-BBA0BD71A997}.Debug|Any CPU.Build.0 = Debug|Any CPU
		{DF1CF127-1743-43AA-854D-BBA0BD71A997}.Release|Any CPU.ActiveCfg = Release|Any CPU
		{DF1CF127-1743-43AA-854D-BBA0BD71A997}.Release|Any CPU.Build.0 = Release|Any CPU
	EndGlobalSection
	GlobalSection(SolutionProperties) = preSolution
		HideSolutionNode = FALSE
	EndGlobalSection
	GlobalSection(ExtensibilityGlobals) = postSolution
		SolutionGuid = {B40DD689-1C9B-443F-B935-425226BC428E}
	EndGlobalSection
EndGlobal
